<?xml version="1.0" encoding="UTF-8"?>
<CONFIG>
  <ProjectOptions>
    <Version Value="12"/>
    <General>
      <Flags>
        <CompatibilityMode Value="True"/>
      </Flags>
      <Title Value="project1"/>
      <ResourceType Value="res"/>
      <UseXPManifest Value="True"/>
    </General>
    <VersionInfo>
      <Language Value=""/>
      <CharSet Value=""/>
    </VersionInfo>
    <BuildModes Count="1">
      <Item1 Name="default" Default="True"/>
    </BuildModes>
    <PublishOptions>
      <Version Value="2"/>
    </PublishOptions>
    <RunParams>
      <local>
        <LaunchingApplication PathPlusParams="/usr/X11R6/bin/xterm -T &apos;Lazarus Run Output&apos; -e $(LazarusDir)/tools/runwait.sh $(TargetCmdLine)"/>
      </local>
      <FormatVersion Value="2"/>
      <Modes Count="1">
        <Mode0 Name="default">
          <local>
            <LaunchingApplication PathPlusParams="/usr/X11R6/bin/xterm -T &apos;Lazarus Run Output&apos; -e $(LazarusDir)/tools/runwait.sh $(TargetCmdLine)"/>
          </local>
        </Mode0>
      </Modes>
    </RunParams>
    <RequiredPackages Count="2">
      <Item1>
        <PackageName Value="kiranacorepkg"/>
      </Item1>
      <Item2>
        <PackageName Value="LCL"/>
      </Item2>
    </RequiredPackages>
    <Units Count="17">
      <Unit0>
        <Filename Value="project1.lpr"/>
        <IsPartOfProject Value="True"/>
        <TopLine Value="2"/>
        <CursorPos X="14" Y="10"/>
        <UsageCount Value="55"/>
        <Loaded Value="True"/>
      </Unit0>
      <Unit1>
        <Filename Value="unit1.pas"/>
        <IsPartOfProject Value="True"/>
        <ComponentName Value="Form1"/>
        <HasResources Value="True"/>
        <ResourceBaseClass Value="Form"/>
        <UnitName Value="Unit1"/>
        <IsVisibleTab Value="True"/>
        <EditorIndex Value="1"/>
        <TopLine Value="102"/>
        <CursorPos X="39" Y="116"/>
        <UsageCount Value="55"/>
        <Loaded Value="True"/>
        <LoadedDesigner Value="True"/>
      </Unit1>
      <Unit2>
        <Filename Value="../../../../../Downloads/winlist/xwindowlist.pas"/>
        <EditorIndex Value="-1"/>
        <TopLine Value="209"/>
        <CursorPos X="51" Y="69"/>
        <UsageCount Value="55"/>
      </Unit2>
      <Unit3>
        <Filename Value="../../../../../fpc-dev/fpc-files/fpcsrc/packages/x11/src/xutil.pp"/>
        <EditorIndex Value="-1"/>
        <TopLine Value="221"/>
        <CursorPos X="24" Y="221"/>
        <UsageCount Value="27"/>
      </Unit3>
      <Unit4>
        <Filename Value="../../../../../Downloads/winlist/windowlistutils.pas"/>
        <UnitName Value="WindowListUtils"/>
        <EditorIndex Value="-1"/>
        <TopLine Value="20"/>
        <CursorPos X="28" Y="32"/>
        <UsageCount Value="47"/>
      </Unit4>
      <Unit5>
        <Filename Value="../../../../../fpc-dev/fpc-files/lazarus/lcl/extctrls.pp"/>
        <UnitName Value="ExtCtrls"/>
        <EditorIndex Value="-1"/>
        <TopLine Value="21"/>
        <CursorPos X="3" Y="193"/>
        <UsageCount Value="7"/>
      </Unit5>
      <Unit6>
        <Filename Value="../../../../../fpc-dev/fpc-files/lazarus/lcl/customtimer.pas"/>
        <UnitName Value="CustomTimer"/>
        <EditorIndex Value="-1"/>
        <TopLine Value="36"/>
        <CursorPos X="11" Y="146"/>
        <UsageCount Value="7"/>
      </Unit6>
      <Unit7>
        <Filename Value="../../../../../fpc-dev/fpc-files/fpcsrc/packages/x11/src/x.pp"/>
        <EditorIndex Value="-1"/>
        <TopLine Value="406"/>
        <UsageCount Value="18"/>
      </Unit7>
      <Unit8>
        <Filename Value="../../../../../fpc-dev/fpc-files/fpcsrc/packages/x11/src/xlib.pp"/>
        <EditorIndex Value="-1"/>
        <TopLine Value="2097"/>
        <CursorPos X="58" Y="1927"/>
        <UsageCount Value="16"/>
      </Unit8>
      <Unit9>
        <Filename Value="../../../../../fpc-dev/fpc-files/fpcsrc/rtl/inc/typshrdh.inc"/>
        <EditorIndex Value="-1"/>
        <TopLine Value="140"/>
        <CursorPos X="28" Y="145"/>
        <UsageCount Value="7"/>
      </Unit9>
      <Unit10>
        <Filename Value="../../../../../fpc-dev/fpc-files/fpcsrc/rtl/objpas/fgl.pp"/>
        <EditorIndex Value="-1"/>
        <TopLine Value="1065"/>
        <CursorPos Y="1073"/>
        <UsageCount Value="20"/>
      </Unit10>
      <Unit11>
        <Filename Value="../../../../../fpc-dev/fpc-files/lazarus/lcl/include/lclintf.inc"/>
        <EditorIndex Value="-1"/>
        <TopLine Value="504"/>
        <CursorPos Y="512"/>
        <UsageCount Value="20"/>
      </Unit11>
      <Unit12>
        <Filename Value="../../../../../fpc-dev/fpc-files/lazarus/lcl/comctrls.pp"/>
        <UnitName Value="ComCtrls"/>
        <EditorIndex Value="-1"/>
        <TopLine Value="1653"/>
        <CursorPos X="14" Y="1660"/>
        <UsageCount Value="12"/>
      </Unit12>
      <Unit13>
        <Filename Value="../../../../../fpc-dev/fpc-files/fpcsrc/packages/x11/src/xatom.pp"/>
        <EditorIndex Value="-1"/>
        <CursorPos X="14" Y="68"/>
        <UsageCount Value="16"/>
      </Unit13>
      <Unit14>
        <Filename Value="../../../../../fpc-dev/fpc-files/lazarus/lcl/forms.pp"/>
        <UnitName Value="Forms"/>
        <EditorIndex Value="-1"/>
        <TopLine Value="422"/>
        <CursorPos X="12" Y="436"/>
        <UsageCount Value="9"/>
      </Unit14>
      <Unit15>
        <Filename Value="../../../../../fpc-dev/fpc-files/lazarus/lcl/include/customform.inc"/>
        <EditorIndex Value="-1"/>
        <TopLine Value="517"/>
        <CursorPos X="32" Y="527"/>
        <UsageCount Value="9"/>
      </Unit15>
      <Unit16>
        <Filename Value="../../src/systemappmonitor.pas"/>
        <UnitName Value="SystemAppMonitor"/>
        <EditorIndex Value="-1"/>
        <CursorPos X="42" Y="8"/>
        <UsageCount Value="10"/>
      </Unit16>
    </Units>
    <JumpHistory HistoryIndex="-1"/>
  </ProjectOptions>
  <CompilerOptions>
    <Version Value="11"/>
    <Target>
      <Filename Value="project1"/>
    </Target>
    <SearchPaths>
      <IncludeFiles Value="$(ProjOutDir)"/>
      <UnitOutputDirectory Value="lib/$(TargetCPU)-$(TargetOS)"/>
    </SearchPaths>
    <Linking>
      <Options>
        <Win32>
          <GraphicApplication Value="True"/>
        </Win32>
      </Options>
    </Linking>
  </CompilerOptions>
</CONFIG>
